
alembic==1.18.4
APScheduler==3.11.2
bcrypt==4.0.1
detect-secrets==1.5.0
email-validator==2.3.0
fastapi==0.136.1
httpx==0.28.1
limits==5.8.0
openai==2.32.0
passlib==1.7.4
psycopg2-binary==2.9.12
pydantic==2.13.3
pydantic-settings==2.14.0
pydantic_core==2.46.3
pytest==9.0.3
python-dotenv==1.2.2
python-jose==3.5.0
python-multipart==0.0.26
slowapi==0.1.9
SQLAlchemy==2.0.49
uvicorn==0.46.0
